
Microsoft Visual Studio Solution File, Format Version 12.00
# Visual Studio 15
VisualStudioVersion = 15.0.26403.7
MinimumVisualStudioVersion = 10.0.40219.1
Project("{FAE04EC0-301F-11D3-BF4B-00C04F79EFBC}") = "Multiplatformer.Core", "Multiplatformer.Core\Multiplatformer.Core.csproj", "{202994D1-BA54-457E-BB58-E98F32A1CB44}"
EndProject
Project("{FAE04EC0-301F-11D3-BF4B-00C04F79EFBC}") = "Multiplatformer.UWP", "Multiplatformer.UWP\Multiplatformer.UWP.csproj", "{0109F2C5-21D0-4A00-B0A9-EAB3CEBE98FF}"
EndProject
Project("{FAE04EC0-301F-11D3-BF4B-00C04F79EFBC}") = "Multiplatformer.Mac", "Multiplatformer.Mac\Multiplatformer.Mac.csproj", "{904B3552-00DC-45A0-97F5-29D32BDED71B}"
EndProject
Project("{FAE04EC0-301F-11D3-BF4B-00C04F79EFBC}") = "Multiplatformer.Forms.MacOS", "Multiplatformer.Forms.MacOS\Multiplatformer.Forms.MacOS.csproj", "{E50021D7-5501-425B-84F0-B50F732CF2F7}"
EndProject
Global
	GlobalSection(SolutionConfigurationPlatforms) = preSolution
		Debug|Any CPU = Debug|Any CPU
		Debug|ARM = Debug|ARM
		Debug|iPhone = Debug|iPhone
		Debug|iPhoneSimulator = Debug|iPhoneSimulator
		Debug|x64 = Debug|x64
		Debug|x86 = Debug|x86
		Release|Any CPU = Release|Any CPU
		Release|ARM = Release|ARM
		Release|iPhone = Release|iPhone
		Release|iPhoneSimulator = Release|iPhoneSimulator
		Release|x64 = Release|x64
		Release|x86 = Release|x86
	EndGlobalSection
	GlobalSection(ProjectConfigurationPlatforms) = postSolution
		{202994D1-BA54-457E-BB58-E98F32A1CB44}.Debug|Any CPU.ActiveCfg = Debug|Any CPU
		{202994D1-BA54-457E-BB58-E98F32A1CB44}.Debug|Any CPU.Build.0 = Debug|Any CPU
		{202994D1-BA54-457E-BB58-E98F32A1CB44}.Debug|ARM.ActiveCfg = Debug|Any CPU
		{202994D1-BA54-457E-BB58-E98F32A1CB44}.Debug|ARM.Build.0 = Debug|Any CPU
		{202994D1-BA54-457E-BB58-E98F32A1CB44}.Debug|iPhone.ActiveCfg = Debug|Any CPU
		{202994D1-BA54-457E-BB58-E98F32A1CB44}.Debug|iPhone.Build.0 = Debug|Any CPU
		{202994D1-BA54-457E-BB58-E98F32A1CB44}.Debug|iPhoneSimulator.ActiveCfg = Debug|Any CPU
		{202994D1-BA54-457E-BB58-E98F32A1CB44}.Debug|iPhoneSimulator.Build.0 = Debug|Any CPU
		{202994D1-BA54-457E-BB58-E98F32A1CB44}.Debug|x64.ActiveCfg = Debug|Any CPU
		{202994D1-BA54-457E-BB58-E98F32A1CB44}.Debug|x64.Build.0 = Debug|Any CPU
		{202994D1-BA54-457E-BB58-E98F32A1CB44}.Debug|x86.ActiveCfg = Debug|Any CPU
		{202994D1-BA54-457E-BB58-E98F32A1CB44}.Debug|x86.Build.0 = Debug|Any CPU
		{202994D1-BA54-457E-BB58-E98F32A1CB44}.Release|Any CPU.ActiveCfg = Release|Any CPU
		{202994D1-BA54-457E-BB58-E98F32A1CB44}.Release|Any CPU.Build.0 = Release|Any CPU
		{202994D1-BA54-457E-BB58-E98F32A1CB44}.Release|ARM.ActiveCfg = Release|Any CPU
		{202994D1-BA54-457E-BB58-E98F32A1CB44}.Release|ARM.Build.0 = Release|Any CPU
		{202994D1-BA54-457E-BB58-E98F32A1CB44}.Release|iPhone.ActiveCfg = Release|Any CPU
		{202994D1-BA54-457E-BB58-E98F32A1CB44}.Release|iPhone.Build.0 = Release|Any CPU
		{202994D1-BA54-457E-BB58-E98F32A1CB44}.Release|iPhoneSimulator.ActiveCfg = Release|Any CPU
		{202994D1-BA54-457E-BB58-E98F32A1CB44}.Release|iPhoneSimulator.Build.0 = Release|Any CPU
		{202994D1-BA54-457E-BB58-E98F32A1CB44}.Release|x64.ActiveCfg = Release|Any CPU
		{202994D1-BA54-457E-BB58-E98F32A1CB44}.Release|x64.Build.0 = Release|Any CPU
		{202994D1-BA54-457E-BB58-E98F32A1CB44}.Release|x86.ActiveCfg = Release|Any CPU
		{202994D1-BA54-457E-BB58-E98F32A1CB44}.Release|x86.Build.0 = Release|Any CPU
		{0109F2C5-21D0-4A00-B0A9-EAB3CEBE98FF}.Debug|Any CPU.ActiveCfg = Debug|x86
		{0109F2C5-21D0-4A00-B0A9-EAB3CEBE98FF}.Debug|ARM.ActiveCfg = Debug|ARM
		{0109F2C5-21D0-4A00-B0A9-EAB3CEBE98FF}.Debug|ARM.Build.0 = Debug|ARM
		{0109F2C5-21D0-4A00-B0A9-EAB3CEBE98FF}.Debug|ARM.Deploy.0 = Debug|ARM
		{0109F2C5-21D0-4A00-B0A9-EAB3CEBE98FF}.Debug|iPhone.ActiveCfg = Debug|x86
		{0109F2C5-21D0-4A00-B0A9-EAB3CEBE98FF}.Debug|iPhoneSimulator.ActiveCfg = Debug|x86
		{0109F2C5-21D0-4A00-B0A9-EAB3CEBE98FF}.Debug|x64.ActiveCfg = Debug|x64
		{0109F2C5-21D0-4A00-B0A9-EAB3CEBE98FF}.Debug|x64.Build.0 = Debug|x64
		{0109F2C5-21D0-4A00-B0A9-EAB3CEBE98FF}.Debug|x64.Deploy.0 = Debug|x64
		{0109F2C5-21D0-4A00-B0A9-EAB3CEBE98FF}.Debug|x86.ActiveCfg = Debug|x86
		{0109F2C5-21D0-4A00-B0A9-EAB3CEBE98FF}.Debug|x86.Build.0 = Debug|x86
		{0109F2C5-21D0-4A00-B0A9-EAB3CEBE98FF}.Debug|x86.Deploy.0 = Debug|x86
		{0109F2C5-21D0-4A00-B0A9-EAB3CEBE98FF}.Release|Any CPU.ActiveCfg = Release|x86
		{0109F2C5-21D0-4A00-B0A9-EAB3CEBE98FF}.Release|ARM.ActiveCfg = Release|ARM
		{0109F2C5-21D0-4A00-B0A9-EAB3CEBE98FF}.Release|ARM.Build.0 = Release|ARM
		{0109F2C5-21D0-4A00-B0A9-EAB3CEBE98FF}.Release|ARM.Deploy.0 = Release|ARM
		{0109F2C5-21D0-4A00-B0A9-EAB3CEBE98FF}.Release|iPhone.ActiveCfg = Release|x86
		{0109F2C5-21D0-4A00-B0A9-EAB3CEBE98FF}.Release|iPhoneSimulator.ActiveCfg = Release|x86
		{0109F2C5-21D0-4A00-B0A9-EAB3CEBE98FF}.Release|x64.ActiveCfg = Release|x64
		{0109F2C5-21D0-4A00-B0A9-EAB3CEBE98FF}.Release|x64.Build.0 = Release|x64
		{0109F2C5-21D0-4A00-B0A9-EAB3CEBE98FF}.Release|x64.Deploy.0 = Release|x64
		{0109F2C5-21D0-4A00-B0A9-EAB3CEBE98FF}.Release|x86.ActiveCfg = Release|x86
		{0109F2C5-21D0-4A00-B0A9-EAB3CEBE98FF}.Release|x86.Build.0 = Release|x86
		{0109F2C5-21D0-4A00-B0A9-EAB3CEBE98FF}.Release|x86.Deploy.0 = Release|x86
		{904B3552-00DC-45A0-97F5-29D32BDED71B}.Debug|Any CPU.ActiveCfg = Debug|Any CPU
		{904B3552-00DC-45A0-97F5-29D32BDED71B}.Debug|Any CPU.Build.0 = Debug|Any CPU
		{904B3552-00DC-45A0-97F5-29D32BDED71B}.Debug|ARM.ActiveCfg = Debug|Any CPU
		{904B3552-00DC-45A0-97F5-29D32BDED71B}.Debug|ARM.Build.0 = Debug|Any CPU
		{904B3552-00DC-45A0-97F5-29D32BDED71B}.Debug|iPhone.ActiveCfg = Debug|Any CPU
		{904B3552-00DC-45A0-97F5-29D32BDED71B}.Debug|iPhone.Build.0 = Debug|Any CPU
		{904B3552-00DC-45A0-97F5-29D32BDED71B}.Debug|iPhoneSimulator.ActiveCfg = Debug|Any CPU
		{904B3552-00DC-45A0-97F5-29D32BDED71B}.Debug|iPhoneSimulator.Build.0 = Debug|Any CPU
		{904B3552-00DC-45A0-97F5-29D32BDED71B}.Debug|x64.ActiveCfg = Debug|Any CPU
		{904B3552-00DC-45A0-97F5-29D32BDED71B}.Debug|x64.Build.0 = Debug|Any CPU
		{904B3552-00DC-45A0-97F5-29D32BDED71B}.Debug|x86.ActiveCfg = Debug|Any CPU
		{904B3552-00DC-45A0-97F5-29D32BDED71B}.Debug|x86.Build.0 = Debug|Any CPU
		{904B3552-00DC-45A0-97F5-29D32BDED71B}.Release|Any CPU.ActiveCfg = Release|Any CPU
		{904B3552-00DC-45A0-97F5-29D32BDED71B}.Release|Any CPU.Build.0 = Release|Any CPU
		{904B3552-00DC-45A0-97F5-29D32BDED71B}.Release|ARM.ActiveCfg = Release|Any CPU
		{904B3552-00DC-45A0-97F5-29D32BDED71B}.Release|ARM.Build.0 = Release|Any CPU
		{904B3552-00DC-45A0-97F5-29D32BDED71B}.Release|iPhone.ActiveCfg = Release|Any CPU
		{904B3552-00DC-45A0-97F5-29D32BDED71B}.Release|iPhone.Build.0 = Release|Any CPU
		{904B3552-00DC-45A0-97F5-29D32BDED71B}.Release|iPhoneSimulator.ActiveCfg = Release|Any CPU
		{904B3552-00DC-45A0-97F5-29D32BDED71B}.Release|iPhoneSimulator.Build.0 = Release|Any CPU
		{904B3552-00DC-45A0-97F5-29D32BDED71B}.Release|x64.ActiveCfg = Release|Any CPU
		{904B3552-00DC-45A0-97F5-29D32BDED71B}.Release|x64.Build.0 = Release|Any CPU
		{904B3552-00DC-45A0-97F5-29D32BDED71B}.Release|x86.ActiveCfg = Release|Any CPU
		{904B3552-00DC-45A0-97F5-29D32BDED71B}.Release|x86.Build.0 = Release|Any CPU
		{E50021D7-5501-425B-84F0-B50F732CF2F7}.Debug|Any CPU.ActiveCfg = Debug|Any CPU
		{E50021D7-5501-425B-84F0-B50F732CF2F7}.Debug|Any CPU.Build.0 = Debug|Any CPU
		{E50021D7-5501-425B-84F0-B50F732CF2F7}.Debug|ARM.ActiveCfg = Debug|Any CPU
		{E50021D7-5501-425B-84F0-B50F732CF2F7}.Debug|ARM.Build.0 = Debug|Any CPU
		{E50021D7-5501-425B-84F0-B50F732CF2F7}.Debug|iPhone.ActiveCfg = Debug|Any CPU
		{E50021D7-5501-425B-84F0-B50F732CF2F7}.Debug|iPhone.Build.0 = Debug|Any CPU
		{E50021D7-5501-425B-84F0-B50F732CF2F7}.Debug|iPhoneSimulator.ActiveCfg = Debug|Any CPU
		{E50021D7-5501-425B-84F0-B50F732CF2F7}.Debug|iPhoneSimulator.Build.0 = Debug|Any CPU
		{E50021D7-5501-425B-84F0-B50F732CF2F7}.Debug|x64.ActiveCfg = Debug|Any CPU
		{E50021D7-5501-425B-84F0-B50F732CF2F7}.Debug|x64.Build.0 = Debug|Any CPU
		{E50021D7-5501-425B-84F0-B50F732CF2F7}.Debug|x86.ActiveCfg = Debug|Any CPU
		{E50021D7-5501-425B-84F0-B50F732CF2F7}.Debug|x86.Build.0 = Debug|Any CPU
		{E50021D7-5501-425B-84F0-B50F732CF2F7}.Release|Any CPU.ActiveCfg = Release|Any CPU
		{E50021D7-5501-425B-84F0-B50F732CF2F7}.Release|Any CPU.Build.0 = Release|Any CPU
		{E50021D7-5501-425B-84F0-B50F732CF2F7}.Release|ARM.ActiveCfg = Release|Any CPU
		{E50021D7-5501-425B-84F0-B50F732CF2F7}.Release|ARM.Build.0 = Release|Any CPU
		{E50021D7-5501-425B-84F0-B50F732CF2F7}.Release|iPhone.ActiveCfg = Release|Any CPU
		{E50021D7-5501-425B-84F0-B50F732CF2F7}.Release|iPhone.Build.0 = Release|Any CPU
		{E50021D7-5501-425B-84F0-B50F732CF2F7}.Release|iPhoneSimulator.ActiveCfg = Release|Any CPU
		{E50021D7-5501-425B-84F0-B50F732CF2F7}.Release|iPhoneSimulator.Build.0 = Release|Any CPU
		{E50021D7-5501-425B-84F0-B50F732CF2F7}.Release|x64.ActiveCfg = Release|Any CPU
		{E50021D7-5501-425B-84F0-B50F732CF2F7}.Release|x64.Build.0 = Release|Any CPU
		{E50021D7-5501-425B-84F0-B50F732CF2F7}.Release|x86.ActiveCfg = Release|Any CPU
		{E50021D7-5501-425B-84F0-B50F732CF2F7}.Release|x86.Build.0 = Release|Any CPU
	EndGlobalSection
	GlobalSection(SolutionProperties) = preSolution
		HideSolutionNode = FALSE
	EndGlobalSection
EndGlobal
