
Microsoft Visual Studio Solution File, Format Version 12.00
# Visual Studio 15
VisualStudioVersion = 15.0.26403.7
MinimumVisualStudioVersion = 10.0.40219.1
Project("{FAE04EC0-301F-11D3-BF4B-00C04F79EFBC}") = "Multiplatformer.Core", "Multiplatformer.Core\Multiplatformer.Core.csproj", "{202994D1-BA54-457E-BB58-E98F32A1CB44}"
EndProject
Project("{FAE04EC0-301F-11D3-BF4B-00C04F79EFBC}") = "Multiplatformer.UWP", "Multiplatformer.UWP\Multiplatformer.UWP.csproj", "{0109F2C5-21D0-4A00-B0A9-EAB3CEBE98FF}"
EndProject
Project("{FAE04EC0-301F-11D3-BF4B-00C04F79EFBC}") = "Multiplatformer.Mac", "Multiplatformer.Mac\Multiplatformer.Mac.csproj", "{904B3552-00DC-45A0-97F5-29D32BDED71B}"
EndProject
Project("{FAE04EC0-301F-11D3-BF4B-00C04F79EFBC}") = "Multiplatformer.Forms.MacOS", "Multiplatformer.Forms.MacOS\Multiplatformer.Forms.MacOS.csproj", "{E50021D7-5501-425B-84F0-B50F732CF2F7}"
EndProject
Project("{FAE04EC0-301F-11D3-BF4B-00C04F79EFBC}") = "PrismUnityForms", "PrismUnityForms\PrismUnityForms\PrismUnityForms.csproj", "{C972DFE1-00BF-49E7-B661-00847BD6CCD0}"
EndProject
Project("{FAE04EC0-301F-11D3-BF4B-00C04F79EFBC}") = "PrismUnityForms.iOS", "PrismUnityForms\PrismUnityForms.iOS\PrismUnityForms.iOS.csproj", "{B64B066E-C389-4A2D-B1E5-A891F309DA30}"
EndProject
Project("{FAE04EC0-301F-11D3-BF4B-00C04F79EFBC}") = "PrismUnityForms.UWP", "PrismUnityForms\PrismUnityForms.UWP\PrismUnityForms.UWP.csproj", "{9FD30E3C-6C5B-4C30-A586-D7257B71071F}"
EndProject
Global
	GlobalSection(SolutionConfigurationPlatforms) = preSolution
		Ad-Hoc|Any CPU = Ad-Hoc|Any CPU
		Ad-Hoc|ARM = Ad-Hoc|ARM
		Ad-Hoc|iPhone = Ad-Hoc|iPhone
		Ad-Hoc|iPhoneSimulator = Ad-Hoc|iPhoneSimulator
		Ad-Hoc|x64 = Ad-Hoc|x64
		Ad-Hoc|x86 = Ad-Hoc|x86
		AppStore|Any CPU = AppStore|Any CPU
		AppStore|ARM = AppStore|ARM
		AppStore|iPhone = AppStore|iPhone
		AppStore|iPhoneSimulator = AppStore|iPhoneSimulator
		AppStore|x64 = AppStore|x64
		AppStore|x86 = AppStore|x86
		Debug|Any CPU = Debug|Any CPU
		Debug|ARM = Debug|ARM
		Debug|iPhone = Debug|iPhone
		Debug|iPhoneSimulator = Debug|iPhoneSimulator
		Debug|x64 = Debug|x64
		Debug|x86 = Debug|x86
		Release|Any CPU = Release|Any CPU
		Release|ARM = Release|ARM
		Release|iPhone = Release|iPhone
		Release|iPhoneSimulator = Release|iPhoneSimulator
		Release|x64 = Release|x64
		Release|x86 = Release|x86
	EndGlobalSection
	GlobalSection(ProjectConfigurationPlatforms) = postSolution
		{202994D1-BA54-457E-BB58-E98F32A1CB44}.Ad-Hoc|Any CPU.ActiveCfg = Release|Any CPU
		{202994D1-BA54-457E-BB58-E98F32A1CB44}.Ad-Hoc|Any CPU.Build.0 = Release|Any CPU
		{202994D1-BA54-457E-BB58-E98F32A1CB44}.Ad-Hoc|ARM.ActiveCfg = Release|Any CPU
		{202994D1-BA54-457E-BB58-E98F32A1CB44}.Ad-Hoc|ARM.Build.0 = Release|Any CPU
		{202994D1-BA54-457E-BB58-E98F32A1CB44}.Ad-Hoc|iPhone.ActiveCfg = Release|Any CPU
		{202994D1-BA54-457E-BB58-E98F32A1CB44}.Ad-Hoc|iPhone.Build.0 = Release|Any CPU
		{202994D1-BA54-457E-BB58-E98F32A1CB44}.Ad-Hoc|iPhoneSimulator.ActiveCfg = Release|Any CPU
		{202994D1-BA54-457E-BB58-E98F32A1CB44}.Ad-Hoc|iPhoneSimulator.Build.0 = Release|Any CPU
		{202994D1-BA54-457E-BB58-E98F32A1CB44}.Ad-Hoc|x64.ActiveCfg = Release|Any CPU
		{202994D1-BA54-457E-BB58-E98F32A1CB44}.Ad-Hoc|x64.Build.0 = Release|Any CPU
		{202994D1-BA54-457E-BB58-E98F32A1CB44}.Ad-Hoc|x86.ActiveCfg = Release|Any CPU
		{202994D1-BA54-457E-BB58-E98F32A1CB44}.Ad-Hoc|x86.Build.0 = Release|Any CPU
		{202994D1-BA54-457E-BB58-E98F32A1CB44}.AppStore|Any CPU.ActiveCfg = Release|Any CPU
		{202994D1-BA54-457E-BB58-E98F32A1CB44}.AppStore|Any CPU.Build.0 = Release|Any CPU
		{202994D1-BA54-457E-BB58-E98F32A1CB44}.AppStore|ARM.ActiveCfg = Release|Any CPU
		{202994D1-BA54-457E-BB58-E98F32A1CB44}.AppStore|ARM.Build.0 = Release|Any CPU
		{202994D1-BA54-457E-BB58-E98F32A1CB44}.AppStore|iPhone.ActiveCfg = Release|Any CPU
		{202994D1-BA54-457E-BB58-E98F32A1CB44}.AppStore|iPhone.Build.0 = Release|Any CPU
		{202994D1-BA54-457E-BB58-E98F32A1CB44}.AppStore|iPhoneSimulator.ActiveCfg = Release|Any CPU
		{202994D1-BA54-457E-BB58-E98F32A1CB44}.AppStore|iPhoneSimulator.Build.0 = Release|Any CPU
		{202994D1-BA54-457E-BB58-E98F32A1CB44}.AppStore|x64.ActiveCfg = Release|Any CPU
		{202994D1-BA54-457E-BB58-E98F32A1CB44}.AppStore|x64.Build.0 = Release|Any CPU
		{202994D1-BA54-457E-BB58-E98F32A1CB44}.AppStore|x86.ActiveCfg = Release|Any CPU
		{202994D1-BA54-457E-BB58-E98F32A1CB44}.AppStore|x86.Build.0 = Release|Any CPU
		{202994D1-BA54-457E-BB58-E98F32A1CB44}.Debug|Any CPU.ActiveCfg = Debug|Any CPU
		{202994D1-BA54-457E-BB58-E98F32A1CB44}.Debug|Any CPU.Build.0 = Debug|Any CPU
		{202994D1-BA54-457E-BB58-E98F32A1CB44}.Debug|ARM.ActiveCfg = Debug|Any CPU
		{202994D1-BA54-457E-BB58-E98F32A1CB44}.Debug|ARM.Build.0 = Debug|Any CPU
		{202994D1-BA54-457E-BB58-E98F32A1CB44}.Debug|iPhone.ActiveCfg = Debug|Any CPU
		{202994D1-BA54-457E-BB58-E98F32A1CB44}.Debug|iPhone.Build.0 = Debug|Any CPU
		{202994D1-BA54-457E-BB58-E98F32A1CB44}.Debug|iPhoneSimulator.ActiveCfg = Debug|Any CPU
		{202994D1-BA54-457E-BB58-E98F32A1CB44}.Debug|iPhoneSimulator.Build.0 = Debug|Any CPU
		{202994D1-BA54-457E-BB58-E98F32A1CB44}.Debug|x64.ActiveCfg = Debug|Any CPU
		{202994D1-BA54-457E-BB58-E98F32A1CB44}.Debug|x64.Build.0 = Debug|Any CPU
		{202994D1-BA54-457E-BB58-E98F32A1CB44}.Debug|x86.ActiveCfg = Debug|Any CPU
		{202994D1-BA54-457E-BB58-E98F32A1CB44}.Debug|x86.Build.0 = Debug|Any CPU
		{202994D1-BA54-457E-BB58-E98F32A1CB44}.Release|Any CPU.ActiveCfg = Release|Any CPU
		{202994D1-BA54-457E-BB58-E98F32A1CB44}.Release|Any CPU.Build.0 = Release|Any CPU
		{202994D1-BA54-457E-BB58-E98F32A1CB44}.Release|ARM.ActiveCfg = Release|Any CPU
		{202994D1-BA54-457E-BB58-E98F32A1CB44}.Release|ARM.Build.0 = Release|Any CPU
		{202994D1-BA54-457E-BB58-E98F32A1CB44}.Release|iPhone.ActiveCfg = Release|Any CPU
		{202994D1-BA54-457E-BB58-E98F32A1CB44}.Release|iPhone.Build.0 = Release|Any CPU
		{202994D1-BA54-457E-BB58-E98F32A1CB44}.Release|iPhoneSimulator.ActiveCfg = Release|Any CPU
		{202994D1-BA54-457E-BB58-E98F32A1CB44}.Release|iPhoneSimulator.Build.0 = Release|Any CPU
		{202994D1-BA54-457E-BB58-E98F32A1CB44}.Release|x64.ActiveCfg = Release|Any CPU
		{202994D1-BA54-457E-BB58-E98F32A1CB44}.Release|x64.Build.0 = Release|Any CPU
		{202994D1-BA54-457E-BB58-E98F32A1CB44}.Release|x86.ActiveCfg = Release|Any CPU
		{202994D1-BA54-457E-BB58-E98F32A1CB44}.Release|x86.Build.0 = Release|Any CPU
		{0109F2C5-21D0-4A00-B0A9-EAB3CEBE98FF}.Ad-Hoc|Any CPU.ActiveCfg = Release|x64
		{0109F2C5-21D0-4A00-B0A9-EAB3CEBE98FF}.Ad-Hoc|Any CPU.Build.0 = Release|x64
		{0109F2C5-21D0-4A00-B0A9-EAB3CEBE98FF}.Ad-Hoc|Any CPU.Deploy.0 = Release|x64
		{0109F2C5-21D0-4A00-B0A9-EAB3CEBE98FF}.Ad-Hoc|ARM.ActiveCfg = Release|ARM
		{0109F2C5-21D0-4A00-B0A9-EAB3CEBE98FF}.Ad-Hoc|ARM.Build.0 = Release|ARM
		{0109F2C5-21D0-4A00-B0A9-EAB3CEBE98FF}.Ad-Hoc|ARM.Deploy.0 = Release|ARM
		{0109F2C5-21D0-4A00-B0A9-EAB3CEBE98FF}.Ad-Hoc|iPhone.ActiveCfg = Release|x64
		{0109F2C5-21D0-4A00-B0A9-EAB3CEBE98FF}.Ad-Hoc|iPhone.Build.0 = Release|x64
		{0109F2C5-21D0-4A00-B0A9-EAB3CEBE98FF}.Ad-Hoc|iPhone.Deploy.0 = Release|x64
		{0109F2C5-21D0-4A00-B0A9-EAB3CEBE98FF}.Ad-Hoc|iPhoneSimulator.ActiveCfg = Release|x64
		{0109F2C5-21D0-4A00-B0A9-EAB3CEBE98FF}.Ad-Hoc|iPhoneSimulator.Build.0 = Release|x64
		{0109F2C5-21D0-4A00-B0A9-EAB3CEBE98FF}.Ad-Hoc|iPhoneSimulator.Deploy.0 = Release|x64
		{0109F2C5-21D0-4A00-B0A9-EAB3CEBE98FF}.Ad-Hoc|x64.ActiveCfg = Release|x64
		{0109F2C5-21D0-4A00-B0A9-EAB3CEBE98FF}.Ad-Hoc|x64.Build.0 = Release|x64
		{0109F2C5-21D0-4A00-B0A9-EAB3CEBE98FF}.Ad-Hoc|x64.Deploy.0 = Release|x64
		{0109F2C5-21D0-4A00-B0A9-EAB3CEBE98FF}.Ad-Hoc|x86.ActiveCfg = Release|x86
		{0109F2C5-21D0-4A00-B0A9-EAB3CEBE98FF}.Ad-Hoc|x86.Build.0 = Release|x86
		{0109F2C5-21D0-4A00-B0A9-EAB3CEBE98FF}.Ad-Hoc|x86.Deploy.0 = Release|x86
		{0109F2C5-21D0-4A00-B0A9-EAB3CEBE98FF}.AppStore|Any CPU.ActiveCfg = Release|x64
		{0109F2C5-21D0-4A00-B0A9-EAB3CEBE98FF}.AppStore|Any CPU.Build.0 = Release|x64
		{0109F2C5-21D0-4A00-B0A9-EAB3CEBE98FF}.AppStore|Any CPU.Deploy.0 = Release|x64
		{0109F2C5-21D0-4A00-B0A9-EAB3CEBE98FF}.AppStore|ARM.ActiveCfg = Release|ARM
		{0109F2C5-21D0-4A00-B0A9-EAB3CEBE98FF}.AppStore|ARM.Build.0 = Release|ARM
		{0109F2C5-21D0-4A00-B0A9-EAB3CEBE98FF}.AppStore|ARM.Deploy.0 = Release|ARM
		{0109F2C5-21D0-4A00-B0A9-EAB3CEBE98FF}.AppStore|iPhone.ActiveCfg = Release|x64
		{0109F2C5-21D0-4A00-B0A9-EAB3CEBE98FF}.AppStore|iPhone.Build.0 = Release|x64
		{0109F2C5-21D0-4A00-B0A9-EAB3CEBE98FF}.AppStore|iPhone.Deploy.0 = Release|x64
		{0109F2C5-21D0-4A00-B0A9-EAB3CEBE98FF}.AppStore|iPhoneSimulator.ActiveCfg = Release|x64
		{0109F2C5-21D0-4A00-B0A9-EAB3CEBE98FF}.AppStore|iPhoneSimulator.Build.0 = Release|x64
		{0109F2C5-21D0-4A00-B0A9-EAB3CEBE98FF}.AppStore|iPhoneSimulator.Deploy.0 = Release|x64
		{0109F2C5-21D0-4A00-B0A9-EAB3CEBE98FF}.AppStore|x64.ActiveCfg = Release|x64
		{0109F2C5-21D0-4A00-B0A9-EAB3CEBE98FF}.AppStore|x64.Build.0 = Release|x64
		{0109F2C5-21D0-4A00-B0A9-EAB3CEBE98FF}.AppStore|x64.Deploy.0 = Release|x64
		{0109F2C5-21D0-4A00-B0A9-EAB3CEBE98FF}.AppStore|x86.ActiveCfg = Release|x86
		{0109F2C5-21D0-4A00-B0A9-EAB3CEBE98FF}.AppStore|x86.Build.0 = Release|x86
		{0109F2C5-21D0-4A00-B0A9-EAB3CEBE98FF}.AppStore|x86.Deploy.0 = Release|x86
		{0109F2C5-21D0-4A00-B0A9-EAB3CEBE98FF}.Debug|Any CPU.ActiveCfg = Debug|x86
		{0109F2C5-21D0-4A00-B0A9-EAB3CEBE98FF}.Debug|Any CPU.Build.0 = Debug|x86
		{0109F2C5-21D0-4A00-B0A9-EAB3CEBE98FF}.Debug|Any CPU.Deploy.0 = Debug|x86
		{0109F2C5-21D0-4A00-B0A9-EAB3CEBE98FF}.Debug|ARM.ActiveCfg = Debug|ARM
		{0109F2C5-21D0-4A00-B0A9-EAB3CEBE98FF}.Debug|ARM.Build.0 = Debug|ARM
		{0109F2C5-21D0-4A00-B0A9-EAB3CEBE98FF}.Debug|ARM.Deploy.0 = Debug|ARM
		{0109F2C5-21D0-4A00-B0A9-EAB3CEBE98FF}.Debug|iPhone.ActiveCfg = Debug|x86
		{0109F2C5-21D0-4A00-B0A9-EAB3CEBE98FF}.Debug|iPhoneSimulator.ActiveCfg = Debug|x86
		{0109F2C5-21D0-4A00-B0A9-EAB3CEBE98FF}.Debug|x64.ActiveCfg = Debug|x64
		{0109F2C5-21D0-4A00-B0A9-EAB3CEBE98FF}.Debug|x64.Build.0 = Debug|x64
		{0109F2C5-21D0-4A00-B0A9-EAB3CEBE98FF}.Debug|x64.Deploy.0 = Debug|x64
		{0109F2C5-21D0-4A00-B0A9-EAB3CEBE98FF}.Debug|x86.ActiveCfg = Debug|x86
		{0109F2C5-21D0-4A00-B0A9-EAB3CEBE98FF}.Debug|x86.Build.0 = Debug|x86
		{0109F2C5-21D0-4A00-B0A9-EAB3CEBE98FF}.Debug|x86.Deploy.0 = Debug|x86
		{0109F2C5-21D0-4A00-B0A9-EAB3CEBE98FF}.Release|Any CPU.ActiveCfg = Release|x86
		{0109F2C5-21D0-4A00-B0A9-EAB3CEBE98FF}.Release|ARM.ActiveCfg = Release|ARM
		{0109F2C5-21D0-4A00-B0A9-EAB3CEBE98FF}.Release|ARM.Build.0 = Release|ARM
		{0109F2C5-21D0-4A00-B0A9-EAB3CEBE98FF}.Release|ARM.Deploy.0 = Release|ARM
		{0109F2C5-21D0-4A00-B0A9-EAB3CEBE98FF}.Release|iPhone.ActiveCfg = Release|x86
		{0109F2C5-21D0-4A00-B0A9-EAB3CEBE98FF}.Release|iPhoneSimulator.ActiveCfg = Release|x86
		{0109F2C5-21D0-4A00-B0A9-EAB3CEBE98FF}.Release|x64.ActiveCfg = Release|x64
		{0109F2C5-21D0-4A00-B0A9-EAB3CEBE98FF}.Release|x64.Build.0 = Release|x64
		{0109F2C5-21D0-4A00-B0A9-EAB3CEBE98FF}.Release|x64.Deploy.0 = Release|x64
		{0109F2C5-21D0-4A00-B0A9-EAB3CEBE98FF}.Release|x86.ActiveCfg = Release|x86
		{0109F2C5-21D0-4A00-B0A9-EAB3CEBE98FF}.Release|x86.Build.0 = Release|x86
		{0109F2C5-21D0-4A00-B0A9-EAB3CEBE98FF}.Release|x86.Deploy.0 = Release|x86
		{904B3552-00DC-45A0-97F5-29D32BDED71B}.Ad-Hoc|Any CPU.ActiveCfg = Release|Any CPU
		{904B3552-00DC-45A0-97F5-29D32BDED71B}.Ad-Hoc|Any CPU.Build.0 = Release|Any CPU
		{904B3552-00DC-45A0-97F5-29D32BDED71B}.Ad-Hoc|ARM.ActiveCfg = Release|Any CPU
		{904B3552-00DC-45A0-97F5-29D32BDED71B}.Ad-Hoc|ARM.Build.0 = Release|Any CPU
		{904B3552-00DC-45A0-97F5-29D32BDED71B}.Ad-Hoc|iPhone.ActiveCfg = Release|Any CPU
		{904B3552-00DC-45A0-97F5-29D32BDED71B}.Ad-Hoc|iPhone.Build.0 = Release|Any CPU
		{904B3552-00DC-45A0-97F5-29D32BDED71B}.Ad-Hoc|iPhoneSimulator.ActiveCfg = Release|Any CPU
		{904B3552-00DC-45A0-97F5-29D32BDED71B}.Ad-Hoc|iPhoneSimulator.Build.0 = Release|Any CPU
		{904B3552-00DC-45A0-97F5-29D32BDED71B}.Ad-Hoc|x64.ActiveCfg = Release|Any CPU
		{904B3552-00DC-45A0-97F5-29D32BDED71B}.Ad-Hoc|x64.Build.0 = Release|Any CPU
		{904B3552-00DC-45A0-97F5-29D32BDED71B}.Ad-Hoc|x86.ActiveCfg = Release|Any CPU
		{904B3552-00DC-45A0-97F5-29D32BDED71B}.Ad-Hoc|x86.Build.0 = Release|Any CPU
		{904B3552-00DC-45A0-97F5-29D32BDED71B}.AppStore|Any CPU.ActiveCfg = Release|Any CPU
		{904B3552-00DC-45A0-97F5-29D32BDED71B}.AppStore|Any CPU.Build.0 = Release|Any CPU
		{904B3552-00DC-45A0-97F5-29D32BDED71B}.AppStore|ARM.ActiveCfg = Release|Any CPU
		{904B3552-00DC-45A0-97F5-29D32BDED71B}.AppStore|ARM.Build.0 = Release|Any CPU
		{904B3552-00DC-45A0-97F5-29D32BDED71B}.AppStore|iPhone.ActiveCfg = Release|Any CPU
		{904B3552-00DC-45A0-97F5-29D32BDED71B}.AppStore|iPhone.Build.0 = Release|Any CPU
		{904B3552-00DC-45A0-97F5-29D32BDED71B}.AppStore|iPhoneSimulator.ActiveCfg = Release|Any CPU
		{904B3552-00DC-45A0-97F5-29D32BDED71B}.AppStore|iPhoneSimulator.Build.0 = Release|Any CPU
		{904B3552-00DC-45A0-97F5-29D32BDED71B}.AppStore|x64.ActiveCfg = Release|Any CPU
		{904B3552-00DC-45A0-97F5-29D32BDED71B}.AppStore|x64.Build.0 = Release|Any CPU
		{904B3552-00DC-45A0-97F5-29D32BDED71B}.AppStore|x86.ActiveCfg = Release|Any CPU
		{904B3552-00DC-45A0-97F5-29D32BDED71B}.AppStore|x86.Build.0 = Release|Any CPU
		{904B3552-00DC-45A0-97F5-29D32BDED71B}.Debug|Any CPU.ActiveCfg = Debug|Any CPU
		{904B3552-00DC-45A0-97F5-29D32BDED71B}.Debug|Any CPU.Build.0 = Debug|Any CPU
		{904B3552-00DC-45A0-97F5-29D32BDED71B}.Debug|ARM.ActiveCfg = Debug|Any CPU
		{904B3552-00DC-45A0-97F5-29D32BDED71B}.Debug|ARM.Build.0 = Debug|Any CPU
		{904B3552-00DC-45A0-97F5-29D32BDED71B}.Debug|iPhone.ActiveCfg = Debug|Any CPU
		{904B3552-00DC-45A0-97F5-29D32BDED71B}.Debug|iPhone.Build.0 = Debug|Any CPU
		{904B3552-00DC-45A0-97F5-29D32BDED71B}.Debug|iPhoneSimulator.ActiveCfg = Debug|Any CPU
		{904B3552-00DC-45A0-97F5-29D32BDED71B}.Debug|iPhoneSimulator.Build.0 = Debug|Any CPU
		{904B3552-00DC-45A0-97F5-29D32BDED71B}.Debug|x64.ActiveCfg = Debug|Any CPU
		{904B3552-00DC-45A0-97F5-29D32BDED71B}.Debug|x64.Build.0 = Debug|Any CPU
		{904B3552-00DC-45A0-97F5-29D32BDED71B}.Debug|x86.ActiveCfg = Debug|Any CPU
		{904B3552-00DC-45A0-97F5-29D32BDED71B}.Debug|x86.Build.0 = Debug|Any CPU
		{904B3552-00DC-45A0-97F5-29D32BDED71B}.Release|Any CPU.ActiveCfg = Release|Any CPU
		{904B3552-00DC-45A0-97F5-29D32BDED71B}.Release|Any CPU.Build.0 = Release|Any CPU
		{904B3552-00DC-45A0-97F5-29D32BDED71B}.Release|ARM.ActiveCfg = Release|Any CPU
		{904B3552-00DC-45A0-97F5-29D32BDED71B}.Release|ARM.Build.0 = Release|Any CPU
		{904B3552-00DC-45A0-97F5-29D32BDED71B}.Release|iPhone.ActiveCfg = Release|Any CPU
		{904B3552-00DC-45A0-97F5-29D32BDED71B}.Release|iPhone.Build.0 = Release|Any CPU
		{904B3552-00DC-45A0-97F5-29D32BDED71B}.Release|iPhoneSimulator.ActiveCfg = Release|Any CPU
		{904B3552-00DC-45A0-97F5-29D32BDED71B}.Release|iPhoneSimulator.Build.0 = Release|Any CPU
		{904B3552-00DC-45A0-97F5-29D32BDED71B}.Release|x64.ActiveCfg = Release|Any CPU
		{904B3552-00DC-45A0-97F5-29D32BDED71B}.Release|x64.Build.0 = Release|Any CPU
		{904B3552-00DC-45A0-97F5-29D32BDED71B}.Release|x86.ActiveCfg = Release|Any CPU
		{904B3552-00DC-45A0-97F5-29D32BDED71B}.Release|x86.Build.0 = Release|Any CPU
		{E50021D7-5501-425B-84F0-B50F732CF2F7}.Ad-Hoc|Any CPU.ActiveCfg = Release|Any CPU
		{E50021D7-5501-425B-84F0-B50F732CF2F7}.Ad-Hoc|Any CPU.Build.0 = Release|Any CPU
		{E50021D7-5501-425B-84F0-B50F732CF2F7}.Ad-Hoc|ARM.ActiveCfg = Release|Any CPU
		{E50021D7-5501-425B-84F0-B50F732CF2F7}.Ad-Hoc|ARM.Build.0 = Release|Any CPU
		{E50021D7-5501-425B-84F0-B50F732CF2F7}.Ad-Hoc|iPhone.ActiveCfg = Release|Any CPU
		{E50021D7-5501-425B-84F0-B50F732CF2F7}.Ad-Hoc|iPhone.Build.0 = Release|Any CPU
		{E50021D7-5501-425B-84F0-B50F732CF2F7}.Ad-Hoc|iPhoneSimulator.ActiveCfg = Release|Any CPU
		{E50021D7-5501-425B-84F0-B50F732CF2F7}.Ad-Hoc|iPhoneSimulator.Build.0 = Release|Any CPU
		{E50021D7-5501-425B-84F0-B50F732CF2F7}.Ad-Hoc|x64.ActiveCfg = Release|Any CPU
		{E50021D7-5501-425B-84F0-B50F732CF2F7}.Ad-Hoc|x64.Build.0 = Release|Any CPU
		{E50021D7-5501-425B-84F0-B50F732CF2F7}.Ad-Hoc|x86.ActiveCfg = Release|Any CPU
		{E50021D7-5501-425B-84F0-B50F732CF2F7}.Ad-Hoc|x86.Build.0 = Release|Any CPU
		{E50021D7-5501-425B-84F0-B50F732CF2F7}.AppStore|Any CPU.ActiveCfg = Release|Any CPU
		{E50021D7-5501-425B-84F0-B50F732CF2F7}.AppStore|Any CPU.Build.0 = Release|Any CPU
		{E50021D7-5501-425B-84F0-B50F732CF2F7}.AppStore|ARM.ActiveCfg = Release|Any CPU
		{E50021D7-5501-425B-84F0-B50F732CF2F7}.AppStore|ARM.Build.0 = Release|Any CPU
		{E50021D7-5501-425B-84F0-B50F732CF2F7}.AppStore|iPhone.ActiveCfg = Release|Any CPU
		{E50021D7-5501-425B-84F0-B50F732CF2F7}.AppStore|iPhone.Build.0 = Release|Any CPU
		{E50021D7-5501-425B-84F0-B50F732CF2F7}.AppStore|iPhoneSimulator.ActiveCfg = Release|Any CPU
		{E50021D7-5501-425B-84F0-B50F732CF2F7}.AppStore|iPhoneSimulator.Build.0 = Release|Any CPU
		{E50021D7-5501-425B-84F0-B50F732CF2F7}.AppStore|x64.ActiveCfg = Release|Any CPU
		{E50021D7-5501-425B-84F0-B50F732CF2F7}.AppStore|x64.Build.0 = Release|Any CPU
		{E50021D7-5501-425B-84F0-B50F732CF2F7}.AppStore|x86.ActiveCfg = Release|Any CPU
		{E50021D7-5501-425B-84F0-B50F732CF2F7}.AppStore|x86.Build.0 = Release|Any CPU
		{E50021D7-5501-425B-84F0-B50F732CF2F7}.Debug|Any CPU.ActiveCfg = Debug|Any CPU
		{E50021D7-5501-425B-84F0-B50F732CF2F7}.Debug|Any CPU.Build.0 = Debug|Any CPU
		{E50021D7-5501-425B-84F0-B50F732CF2F7}.Debug|ARM.ActiveCfg = Debug|Any CPU
		{E50021D7-5501-425B-84F0-B50F732CF2F7}.Debug|ARM.Build.0 = Debug|Any CPU
		{E50021D7-5501-425B-84F0-B50F732CF2F7}.Debug|iPhone.ActiveCfg = Debug|Any CPU
		{E50021D7-5501-425B-84F0-B50F732CF2F7}.Debug|iPhone.Build.0 = Debug|Any CPU
		{E50021D7-5501-425B-84F0-B50F732CF2F7}.Debug|iPhoneSimulator.ActiveCfg = Debug|Any CPU
		{E50021D7-5501-425B-84F0-B50F732CF2F7}.Debug|iPhoneSimulator.Build.0 = Debug|Any CPU
		{E50021D7-5501-425B-84F0-B50F732CF2F7}.Debug|x64.ActiveCfg = Debug|Any CPU
		{E50021D7-5501-425B-84F0-B50F732CF2F7}.Debug|x64.Build.0 = Debug|Any CPU
		{E50021D7-5501-425B-84F0-B50F732CF2F7}.Debug|x86.ActiveCfg = Debug|Any CPU
		{E50021D7-5501-425B-84F0-B50F732CF2F7}.Debug|x86.Build.0 = Debug|Any CPU
		{E50021D7-5501-425B-84F0-B50F732CF2F7}.Release|Any CPU.ActiveCfg = Release|Any CPU
		{E50021D7-5501-425B-84F0-B50F732CF2F7}.Release|Any CPU.Build.0 = Release|Any CPU
		{E50021D7-5501-425B-84F0-B50F732CF2F7}.Release|ARM.ActiveCfg = Release|Any CPU
		{E50021D7-5501-425B-84F0-B50F732CF2F7}.Release|ARM.Build.0 = Release|Any CPU
		{E50021D7-5501-425B-84F0-B50F732CF2F7}.Release|iPhone.ActiveCfg = Release|Any CPU
		{E50021D7-5501-425B-84F0-B50F732CF2F7}.Release|iPhone.Build.0 = Release|Any CPU
		{E50021D7-5501-425B-84F0-B50F732CF2F7}.Release|iPhoneSimulator.ActiveCfg = Release|Any CPU
		{E50021D7-5501-425B-84F0-B50F732CF2F7}.Release|iPhoneSimulator.Build.0 = Release|Any CPU
		{E50021D7-5501-425B-84F0-B50F732CF2F7}.Release|x64.ActiveCfg = Release|Any CPU
		{E50021D7-5501-425B-84F0-B50F732CF2F7}.Release|x64.Build.0 = Release|Any CPU
		{E50021D7-5501-425B-84F0-B50F732CF2F7}.Release|x86.ActiveCfg = Release|Any CPU
		{E50021D7-5501-425B-84F0-B50F732CF2F7}.Release|x86.Build.0 = Release|Any CPU
		{C972DFE1-00BF-49E7-B661-00847BD6CCD0}.Ad-Hoc|Any CPU.ActiveCfg = Release|Any CPU
		{C972DFE1-00BF-49E7-B661-00847BD6CCD0}.Ad-Hoc|Any CPU.Build.0 = Release|Any CPU
		{C972DFE1-00BF-49E7-B661-00847BD6CCD0}.Ad-Hoc|ARM.ActiveCfg = Release|Any CPU
		{C972DFE1-00BF-49E7-B661-00847BD6CCD0}.Ad-Hoc|ARM.Build.0 = Release|Any CPU
		{C972DFE1-00BF-49E7-B661-00847BD6CCD0}.Ad-Hoc|iPhone.ActiveCfg = Release|Any CPU
		{C972DFE1-00BF-49E7-B661-00847BD6CCD0}.Ad-Hoc|iPhone.Build.0 = Release|Any CPU
		{C972DFE1-00BF-49E7-B661-00847BD6CCD0}.Ad-Hoc|iPhoneSimulator.ActiveCfg = Release|Any CPU
		{C972DFE1-00BF-49E7-B661-00847BD6CCD0}.Ad-Hoc|iPhoneSimulator.Build.0 = Release|Any CPU
		{C972DFE1-00BF-49E7-B661-00847BD6CCD0}.Ad-Hoc|x64.ActiveCfg = Release|Any CPU
		{C972DFE1-00BF-49E7-B661-00847BD6CCD0}.Ad-Hoc|x64.Build.0 = Release|Any CPU
		{C972DFE1-00BF-49E7-B661-00847BD6CCD0}.Ad-Hoc|x86.ActiveCfg = Release|Any CPU
		{C972DFE1-00BF-49E7-B661-00847BD6CCD0}.Ad-Hoc|x86.Build.0 = Release|Any CPU
		{C972DFE1-00BF-49E7-B661-00847BD6CCD0}.AppStore|Any CPU.ActiveCfg = Release|Any CPU
		{C972DFE1-00BF-49E7-B661-00847BD6CCD0}.AppStore|Any CPU.Build.0 = Release|Any CPU
		{C972DFE1-00BF-49E7-B661-00847BD6CCD0}.AppStore|ARM.ActiveCfg = Release|Any CPU
		{C972DFE1-00BF-49E7-B661-00847BD6CCD0}.AppStore|ARM.Build.0 = Release|Any CPU
		{C972DFE1-00BF-49E7-B661-00847BD6CCD0}.AppStore|iPhone.ActiveCfg = Release|Any CPU
		{C972DFE1-00BF-49E7-B661-00847BD6CCD0}.AppStore|iPhone.Build.0 = Release|Any CPU
		{C972DFE1-00BF-49E7-B661-00847BD6CCD0}.AppStore|iPhoneSimulator.ActiveCfg = Release|Any CPU
		{C972DFE1-00BF-49E7-B661-00847BD6CCD0}.AppStore|iPhoneSimulator.Build.0 = Release|Any CPU
		{C972DFE1-00BF-49E7-B661-00847BD6CCD0}.AppStore|x64.ActiveCfg = Release|Any CPU
		{C972DFE1-00BF-49E7-B661-00847BD6CCD0}.AppStore|x64.Build.0 = Release|Any CPU
		{C972DFE1-00BF-49E7-B661-00847BD6CCD0}.AppStore|x86.ActiveCfg = Release|Any CPU
		{C972DFE1-00BF-49E7-B661-00847BD6CCD0}.AppStore|x86.Build.0 = Release|Any CPU
		{C972DFE1-00BF-49E7-B661-00847BD6CCD0}.Debug|Any CPU.ActiveCfg = Debug|Any CPU
		{C972DFE1-00BF-49E7-B661-00847BD6CCD0}.Debug|Any CPU.Build.0 = Debug|Any CPU
		{C972DFE1-00BF-49E7-B661-00847BD6CCD0}.Debug|ARM.ActiveCfg = Debug|Any CPU
		{C972DFE1-00BF-49E7-B661-00847BD6CCD0}.Debug|ARM.Build.0 = Debug|Any CPU
		{C972DFE1-00BF-49E7-B661-00847BD6CCD0}.Debug|iPhone.ActiveCfg = Debug|Any CPU
		{C972DFE1-00BF-49E7-B661-00847BD6CCD0}.Debug|iPhone.Build.0 = Debug|Any CPU
		{C972DFE1-00BF-49E7-B661-00847BD6CCD0}.Debug|iPhoneSimulator.ActiveCfg = Debug|Any CPU
		{C972DFE1-00BF-49E7-B661-00847BD6CCD0}.Debug|iPhoneSimulator.Build.0 = Debug|Any CPU
		{C972DFE1-00BF-49E7-B661-00847BD6CCD0}.Debug|x64.ActiveCfg = Debug|Any CPU
		{C972DFE1-00BF-49E7-B661-00847BD6CCD0}.Debug|x64.Build.0 = Debug|Any CPU
		{C972DFE1-00BF-49E7-B661-00847BD6CCD0}.Debug|x86.ActiveCfg = Debug|Any CPU
		{C972DFE1-00BF-49E7-B661-00847BD6CCD0}.Debug|x86.Build.0 = Debug|Any CPU
		{C972DFE1-00BF-49E7-B661-00847BD6CCD0}.Release|Any CPU.ActiveCfg = Release|Any CPU
		{C972DFE1-00BF-49E7-B661-00847BD6CCD0}.Release|Any CPU.Build.0 = Release|Any CPU
		{C972DFE1-00BF-49E7-B661-00847BD6CCD0}.Release|ARM.ActiveCfg = Release|Any CPU
		{C972DFE1-00BF-49E7-B661-00847BD6CCD0}.Release|ARM.Build.0 = Release|Any CPU
		{C972DFE1-00BF-49E7-B661-00847BD6CCD0}.Release|iPhone.ActiveCfg = Release|Any CPU
		{C972DFE1-00BF-49E7-B661-00847BD6CCD0}.Release|iPhone.Build.0 = Release|Any CPU
		{C972DFE1-00BF-49E7-B661-00847BD6CCD0}.Release|iPhoneSimulator.ActiveCfg = Release|Any CPU
		{C972DFE1-00BF-49E7-B661-00847BD6CCD0}.Release|iPhoneSimulator.Build.0 = Release|Any CPU
		{C972DFE1-00BF-49E7-B661-00847BD6CCD0}.Release|x64.ActiveCfg = Release|Any CPU
		{C972DFE1-00BF-49E7-B661-00847BD6CCD0}.Release|x64.Build.0 = Release|Any CPU
		{C972DFE1-00BF-49E7-B661-00847BD6CCD0}.Release|x86.ActiveCfg = Release|Any CPU
		{C972DFE1-00BF-49E7-B661-00847BD6CCD0}.Release|x86.Build.0 = Release|Any CPU
		{B64B066E-C389-4A2D-B1E5-A891F309DA30}.Ad-Hoc|Any CPU.ActiveCfg = Ad-Hoc|iPhone
		{B64B066E-C389-4A2D-B1E5-A891F309DA30}.Ad-Hoc|ARM.ActiveCfg = Ad-Hoc|iPhone
		{B64B066E-C389-4A2D-B1E5-A891F309DA30}.Ad-Hoc|iPhone.ActiveCfg = Ad-Hoc|iPhone
		{B64B066E-C389-4A2D-B1E5-A891F309DA30}.Ad-Hoc|iPhone.Build.0 = Ad-Hoc|iPhone
		{B64B066E-C389-4A2D-B1E5-A891F309DA30}.Ad-Hoc|iPhoneSimulator.ActiveCfg = Ad-Hoc|iPhoneSimulator
		{B64B066E-C389-4A2D-B1E5-A891F309DA30}.Ad-Hoc|iPhoneSimulator.Build.0 = Ad-Hoc|iPhoneSimulator
		{B64B066E-C389-4A2D-B1E5-A891F309DA30}.Ad-Hoc|x64.ActiveCfg = Ad-Hoc|iPhone
		{B64B066E-C389-4A2D-B1E5-A891F309DA30}.Ad-Hoc|x86.ActiveCfg = Ad-Hoc|iPhone
		{B64B066E-C389-4A2D-B1E5-A891F309DA30}.AppStore|Any CPU.ActiveCfg = AppStore|iPhone
		{B64B066E-C389-4A2D-B1E5-A891F309DA30}.AppStore|ARM.ActiveCfg = AppStore|iPhone
		{B64B066E-C389-4A2D-B1E5-A891F309DA30}.AppStore|iPhone.ActiveCfg = AppStore|iPhone
		{B64B066E-C389-4A2D-B1E5-A891F309DA30}.AppStore|iPhone.Build.0 = AppStore|iPhone
		{B64B066E-C389-4A2D-B1E5-A891F309DA30}.AppStore|iPhoneSimulator.ActiveCfg = AppStore|iPhoneSimulator
		{B64B066E-C389-4A2D-B1E5-A891F309DA30}.AppStore|iPhoneSimulator.Build.0 = AppStore|iPhoneSimulator
		{B64B066E-C389-4A2D-B1E5-A891F309DA30}.AppStore|x64.ActiveCfg = AppStore|iPhone
		{B64B066E-C389-4A2D-B1E5-A891F309DA30}.AppStore|x86.ActiveCfg = AppStore|iPhone
		{B64B066E-C389-4A2D-B1E5-A891F309DA30}.Debug|Any CPU.ActiveCfg = Debug|iPhone
		{B64B066E-C389-4A2D-B1E5-A891F309DA30}.Debug|ARM.ActiveCfg = Debug|iPhone
		{B64B066E-C389-4A2D-B1E5-A891F309DA30}.Debug|iPhone.ActiveCfg = Debug|iPhone
		{B64B066E-C389-4A2D-B1E5-A891F309DA30}.Debug|iPhone.Build.0 = Debug|iPhone
		{B64B066E-C389-4A2D-B1E5-A891F309DA30}.Debug|iPhoneSimulator.ActiveCfg = Debug|iPhoneSimulator
		{B64B066E-C389-4A2D-B1E5-A891F309DA30}.Debug|iPhoneSimulator.Build.0 = Debug|iPhoneSimulator
		{B64B066E-C389-4A2D-B1E5-A891F309DA30}.Debug|x64.ActiveCfg = Debug|iPhone
		{B64B066E-C389-4A2D-B1E5-A891F309DA30}.Debug|x86.ActiveCfg = Debug|iPhone
		{B64B066E-C389-4A2D-B1E5-A891F309DA30}.Release|Any CPU.ActiveCfg = Release|iPhone
		{B64B066E-C389-4A2D-B1E5-A891F309DA30}.Release|ARM.ActiveCfg = Release|iPhone
		{B64B066E-C389-4A2D-B1E5-A891F309DA30}.Release|iPhone.ActiveCfg = Release|iPhone
		{B64B066E-C389-4A2D-B1E5-A891F309DA30}.Release|iPhone.Build.0 = Release|iPhone
		{B64B066E-C389-4A2D-B1E5-A891F309DA30}.Release|iPhoneSimulator.ActiveCfg = Release|iPhoneSimulator
		{B64B066E-C389-4A2D-B1E5-A891F309DA30}.Release|iPhoneSimulator.Build.0 = Release|iPhoneSimulator
		{B64B066E-C389-4A2D-B1E5-A891F309DA30}.Release|x64.ActiveCfg = Release|iPhone
		{B64B066E-C389-4A2D-B1E5-A891F309DA30}.Release|x86.ActiveCfg = Release|iPhone
		{9FD30E3C-6C5B-4C30-A586-D7257B71071F}.Ad-Hoc|Any CPU.ActiveCfg = Release|x86
		{9FD30E3C-6C5B-4C30-A586-D7257B71071F}.Ad-Hoc|Any CPU.Build.0 = Release|x86
		{9FD30E3C-6C5B-4C30-A586-D7257B71071F}.Ad-Hoc|Any CPU.Deploy.0 = Release|x86
		{9FD30E3C-6C5B-4C30-A586-D7257B71071F}.Ad-Hoc|ARM.ActiveCfg = Release|ARM
		{9FD30E3C-6C5B-4C30-A586-D7257B71071F}.Ad-Hoc|ARM.Build.0 = Release|ARM
		{9FD30E3C-6C5B-4C30-A586-D7257B71071F}.Ad-Hoc|ARM.Deploy.0 = Release|ARM
		{9FD30E3C-6C5B-4C30-A586-D7257B71071F}.Ad-Hoc|iPhone.ActiveCfg = Release|x86
		{9FD30E3C-6C5B-4C30-A586-D7257B71071F}.Ad-Hoc|iPhone.Build.0 = Release|x86
		{9FD30E3C-6C5B-4C30-A586-D7257B71071F}.Ad-Hoc|iPhone.Deploy.0 = Release|x86
		{9FD30E3C-6C5B-4C30-A586-D7257B71071F}.Ad-Hoc|iPhoneSimulator.ActiveCfg = Release|x86
		{9FD30E3C-6C5B-4C30-A586-D7257B71071F}.Ad-Hoc|iPhoneSimulator.Build.0 = Release|x86
		{9FD30E3C-6C5B-4C30-A586-D7257B71071F}.Ad-Hoc|iPhoneSimulator.Deploy.0 = Release|x86
		{9FD30E3C-6C5B-4C30-A586-D7257B71071F}.Ad-Hoc|x64.ActiveCfg = Release|x64
		{9FD30E3C-6C5B-4C30-A586-D7257B71071F}.Ad-Hoc|x64.Build.0 = Release|x64
		{9FD30E3C-6C5B-4C30-A586-D7257B71071F}.Ad-Hoc|x64.Deploy.0 = Release|x64
		{9FD30E3C-6C5B-4C30-A586-D7257B71071F}.Ad-Hoc|x86.ActiveCfg = Release|x86
		{9FD30E3C-6C5B-4C30-A586-D7257B71071F}.Ad-Hoc|x86.Build.0 = Release|x86
		{9FD30E3C-6C5B-4C30-A586-D7257B71071F}.Ad-Hoc|x86.Deploy.0 = Release|x86
		{9FD30E3C-6C5B-4C30-A586-D7257B71071F}.AppStore|Any CPU.ActiveCfg = Release|x86
		{9FD30E3C-6C5B-4C30-A586-D7257B71071F}.AppStore|Any CPU.Build.0 = Release|x86
		{9FD30E3C-6C5B-4C30-A586-D7257B71071F}.AppStore|Any CPU.Deploy.0 = Release|x86
		{9FD30E3C-6C5B-4C30-A586-D7257B71071F}.AppStore|ARM.ActiveCfg = Release|ARM
		{9FD30E3C-6C5B-4C30-A586-D7257B71071F}.AppStore|ARM.Build.0 = Release|ARM
		{9FD30E3C-6C5B-4C30-A586-D7257B71071F}.AppStore|ARM.Deploy.0 = Release|ARM
		{9FD30E3C-6C5B-4C30-A586-D7257B71071F}.AppStore|iPhone.ActiveCfg = Release|x86
		{9FD30E3C-6C5B-4C30-A586-D7257B71071F}.AppStore|iPhone.Build.0 = Release|x86
		{9FD30E3C-6C5B-4C30-A586-D7257B71071F}.AppStore|iPhone.Deploy.0 = Release|x86
		{9FD30E3C-6C5B-4C30-A586-D7257B71071F}.AppStore|iPhoneSimulator.ActiveCfg = Release|x86
		{9FD30E3C-6C5B-4C30-A586-D7257B71071F}.AppStore|iPhoneSimulator.Build.0 = Release|x86
		{9FD30E3C-6C5B-4C30-A586-D7257B71071F}.AppStore|iPhoneSimulator.Deploy.0 = Release|x86
		{9FD30E3C-6C5B-4C30-A586-D7257B71071F}.AppStore|x64.ActiveCfg = Release|x64
		{9FD30E3C-6C5B-4C30-A586-D7257B71071F}.AppStore|x64.Build.0 = Release|x64
		{9FD30E3C-6C5B-4C30-A586-D7257B71071F}.AppStore|x64.Deploy.0 = Release|x64
		{9FD30E3C-6C5B-4C30-A586-D7257B71071F}.AppStore|x86.ActiveCfg = Release|x86
		{9FD30E3C-6C5B-4C30-A586-D7257B71071F}.AppStore|x86.Build.0 = Release|x86
		{9FD30E3C-6C5B-4C30-A586-D7257B71071F}.AppStore|x86.Deploy.0 = Release|x86
		{9FD30E3C-6C5B-4C30-A586-D7257B71071F}.Debug|Any CPU.ActiveCfg = Debug|x86
		{9FD30E3C-6C5B-4C30-A586-D7257B71071F}.Debug|Any CPU.Build.0 = Debug|x86
		{9FD30E3C-6C5B-4C30-A586-D7257B71071F}.Debug|Any CPU.Deploy.0 = Debug|x86
		{9FD30E3C-6C5B-4C30-A586-D7257B71071F}.Debug|ARM.ActiveCfg = Debug|ARM
		{9FD30E3C-6C5B-4C30-A586-D7257B71071F}.Debug|ARM.Build.0 = Debug|ARM
		{9FD30E3C-6C5B-4C30-A586-D7257B71071F}.Debug|ARM.Deploy.0 = Debug|ARM
		{9FD30E3C-6C5B-4C30-A586-D7257B71071F}.Debug|iPhone.ActiveCfg = Debug|x86
		{9FD30E3C-6C5B-4C30-A586-D7257B71071F}.Debug|iPhoneSimulator.ActiveCfg = Debug|x86
		{9FD30E3C-6C5B-4C30-A586-D7257B71071F}.Debug|x64.ActiveCfg = Debug|x64
		{9FD30E3C-6C5B-4C30-A586-D7257B71071F}.Debug|x64.Build.0 = Debug|x64
		{9FD30E3C-6C5B-4C30-A586-D7257B71071F}.Debug|x64.Deploy.0 = Debug|x64
		{9FD30E3C-6C5B-4C30-A586-D7257B71071F}.Debug|x86.ActiveCfg = Debug|x86
		{9FD30E3C-6C5B-4C30-A586-D7257B71071F}.Debug|x86.Build.0 = Debug|x86
		{9FD30E3C-6C5B-4C30-A586-D7257B71071F}.Debug|x86.Deploy.0 = Debug|x86
		{9FD30E3C-6C5B-4C30-A586-D7257B71071F}.Release|Any CPU.ActiveCfg = Release|x86
		{9FD30E3C-6C5B-4C30-A586-D7257B71071F}.Release|ARM.ActiveCfg = Release|ARM
		{9FD30E3C-6C5B-4C30-A586-D7257B71071F}.Release|ARM.Build.0 = Release|ARM
		{9FD30E3C-6C5B-4C30-A586-D7257B71071F}.Release|ARM.Deploy.0 = Release|ARM
		{9FD30E3C-6C5B-4C30-A586-D7257B71071F}.Release|iPhone.ActiveCfg = Release|x86
		{9FD30E3C-6C5B-4C30-A586-D7257B71071F}.Release|iPhoneSimulator.ActiveCfg = Release|x86
		{9FD30E3C-6C5B-4C30-A586-D7257B71071F}.Release|x64.ActiveCfg = Release|x64
		{9FD30E3C-6C5B-4C30-A586-D7257B71071F}.Release|x64.Build.0 = Release|x64
		{9FD30E3C-6C5B-4C30-A586-D7257B71071F}.Release|x64.Deploy.0 = Release|x64
		{9FD30E3C-6C5B-4C30-A586-D7257B71071F}.Release|x86.ActiveCfg = Release|x86
		{9FD30E3C-6C5B-4C30-A586-D7257B71071F}.Release|x86.Build.0 = Release|x86
		{9FD30E3C-6C5B-4C30-A586-D7257B71071F}.Release|x86.Deploy.0 = Release|x86
	EndGlobalSection
	GlobalSection(SolutionProperties) = preSolution
		HideSolutionNode = FALSE
	EndGlobalSection
EndGlobal
